
Microsoft Visual Studio Solution File, Format Version 12.00
# Visual Studio Version 17
VisualStudioVersion = 17.3.32922.545
MinimumVisualStudioVersion = 10.0.40219.1
Project("{9A19103F-16F7-4668-BE54-9A1E7A4F7556}") = "GoApi", "GoApi\GoApi.csproj", "{61AA3133-6F75-4EB5-919F-3D1052087F2C}"
EndProject
Global
	GlobalSection(SolutionConfigurationPlatforms) = preSolution
		Debug|Any CPU = Debug|Any CPU
		Release|Any CPU = Release|Any CPU
	EndGlobalSection
	GlobalSection(ProjectConfigurationPlatforms) = postSolution
		{61AA3133-6F75-4EB5-919F-3D1052087F2C}.Debug|Any CPU.ActiveCfg = Debug|Any CPU
		{61AA3133-6F75-4EB5-919F-3D1052087F2C}.Debug|Any CPU.Build.0 = Debug|Any CPU
		{61AA3133-6F75-4EB5-919F-3D1052087F2C}.Release|Any CPU.ActiveCfg = Release|Any CPU
		{61AA3133-6F75-4EB5-919F-3D1052087F2C}.Release|Any CPU.Build.0 = Release|Any CPU
	EndGlobalSection
	GlobalSection(SolutionProperties) = preSolution
		HideSolutionNode = FALSE
	EndGlobalSection
	GlobalSection(ExtensibilityGlobals) = postSolution
		SolutionGuid = {33398758-036E-45B7-8DEB-866E3917E5B0}
	EndGlobalSection
EndGlobal
